PODS:
  - Cards (1.3.4):
    - Player
  - Player (0.12.1)

DEPENDENCIES:
  - Cards (from `../`)

SPEC REPOS:
  https://github.com/cocoapods/specs.git:
    - Player

EXTERNAL SOURCES:
  Cards:
    :path: "../"

SPEC CHECKSUMS:
  Cards: be31f5fcbe47acaca30a4229eae88793f5d11ea9
  Player: ae8070a33c9360f5c93c247c00236b9489f62fca

PODFILE CHECKSUM: bb4d95e4d0cfd5bff75d924ab99a53117ad96a76

COCOAPODS: 1.5.3
